
Microsoft Visual Studio Solution File, Format Version 12.00
# Visual Studio 15
VisualStudioVersion = 15.0.26403.7
MinimumVisualStudioVersion = 10.0.40219.1
Project("{FAE04EC0-301F-11D3-BF4B-00C04F79EFBC}") = "WindowsShade", "WindowsShade\WindowsShade.csproj", "{264E6AFF-F4E1-42BB-B33B-5DE3A42D2348}"
EndProject
Project("{FAE04EC0-301F-11D3-BF4B-00C04F79EFBC}") = "SharpSerializer", "SharpSerializer\SharpSerializer.csproj", "{88AB738F-7A36-4C93-B808-B6CE2D3444B2}"
EndProject
Project("{FAE04EC0-301F-11D3-BF4B-00C04F79EFBC}") = "WindowsShade.wpf", "WindowsShade.wpf\WindowsShade.wpf.csproj", "{6BE30E3D-0ECD-4EE4-BD80-46A558F45C32}"
EndProject
Global
	GlobalSection(SolutionConfigurationPlatforms) = preSolution
		Debug|Any CPU = Debug|Any CPU
		Release|Any CPU = Release|Any CPU
	EndGlobalSection
	GlobalSection(ProjectConfigurationPlatforms) = postSolution
		{264E6AFF-F4E1-42BB-B33B-5DE3A42D2348}.Debug|Any CPU.ActiveCfg = Debug|Any CPU
		{264E6AFF-F4E1-42BB-B33B-5DE3A42D2348}.Debug|Any CPU.Build.0 = Debug|Any CPU
		{264E6AFF-F4E1-42BB-B33B-5DE3A42D2348}.Release|Any CPU.ActiveCfg = Release|Any CPU
		{264E6AFF-F4E1-42BB-B33B-5DE3A42D2348}.Release|Any CPU.Build.0 = Release|Any CPU
		{88AB738F-7A36-4C93-B808-B6CE2D3444B2}.Debug|Any CPU.ActiveCfg = Debug|Any CPU
		{88AB738F-7A36-4C93-B808-B6CE2D3444B2}.Debug|Any CPU.Build.0 = Debug|Any CPU
		{88AB738F-7A36-4C93-B808-B6CE2D3444B2}.Release|Any CPU.ActiveCfg = Release|Any CPU
		{88AB738F-7A36-4C93-B808-B6CE2D3444B2}.Release|Any CPU.Build.0 = Release|Any CPU
		{6BE30E3D-0ECD-4EE4-BD80-46A558F45C32}.Debug|Any CPU.ActiveCfg = Debug|Any CPU
		{6BE30E3D-0ECD-4EE4-BD80-46A558F45C32}.Debug|Any CPU.Build.0 = Debug|Any CPU
		{6BE30E3D-0ECD-4EE4-BD80-46A558F45C32}.Release|Any CPU.ActiveCfg = Release|Any CPU
		{6BE30E3D-0ECD-4EE4-BD80-46A558F45C32}.Release|Any CPU.Build.0 = Release|Any CPU
	EndGlobalSection
	GlobalSection(SolutionProperties) = preSolution
		HideSolutionNode = FALSE
	EndGlobalSection
	GlobalSection(ExtensibilityGlobals) = postSolution
		SolutionGuid = {0CDD5D4F-C0A4-44E9-831A-9B2BBA13E0B4}
	EndGlobalSection
EndGlobal
